
Microsoft Visual Studio Solution File, Format Version 12.00
# Visual Studio 15
Project("{FAE04EC0-301F-11D3-BF4B-00C04F79EFBC}") = "AK.Wwise.Unity.API", "AK.Wwise.Unity.API.csproj", "{DDAA0266-B2C6-499D-9281-4B4C71E52E2E}"
EndProject
Project("{FAE04EC0-301F-11D3-BF4B-00C04F79EFBC}") = "AK.Wwise.Unity.MonoBehaviour", "AK.Wwise.Unity.MonoBehaviour.csproj", "{FD4CCC84-62B2-8C59-DECC-60CB158557A4}"
EndProject
Project("{FAE04EC0-301F-11D3-BF4B-00C04F79EFBC}") = "Assembly-CSharp", "Assembly-CSharp.csproj", "{055C2A15-993C-811E-723C-2873625B2122}"
EndProject
Project("{FAE04EC0-301F-11D3-BF4B-00C04F79EFBC}") = "AK.Wwise.Unity.API.WwiseTypes", "AK.Wwise.Unity.API.WwiseTypes.csproj", "{B2FF8122-44E8-956F-D204-7794B7DCA910}"
EndProject
Project("{FAE04EC0-301F-11D3-BF4B-00C04F79EFBC}") = "AK.Wwise.Unity.Timeline", "AK.Wwise.Unity.Timeline.csproj", "{992E5AB8-97EB-751A-1DD9-B6F0D4A90DBA}"
EndProject
Project("{FAE04EC0-301F-11D3-BF4B-00C04F79EFBC}") = "Ak.Wwise.Api.WAAPI", "Ak.Wwise.Api.WAAPI.csproj", "{611991F0-FDE6-B63B-4870-091E754A155E}"
EndProject
Project("{FAE04EC0-301F-11D3-BF4B-00C04F79EFBC}") = "AK.Wwise.Unity.API.Editor", "AK.Wwise.Unity.API.Editor.csproj", "{8A2F3AFB-0FB6-573C-98B5-1EFC3D943FE4}"
EndProject
Project("{FAE04EC0-301F-11D3-BF4B-00C04F79EFBC}") = "AK.Wwise.Unity.MonoBehaviour.Editor", "AK.Wwise.Unity.MonoBehaviour.Editor.csproj", "{44567E2E-218C-104B-180F-106D65BBAF96}"
EndProject
Project("{FAE04EC0-301F-11D3-BF4B-00C04F79EFBC}") = "AK.Wwise.Unity.Timeline.Editor", "AK.Wwise.Unity.Timeline.Editor.csproj", "{C71FB95A-8EF4-C39B-0C26-0E5C6B3533D9}"
EndProject
Project("{FAE04EC0-301F-11D3-BF4B-00C04F79EFBC}") = "Assembly-CSharp-Editor", "Assembly-CSharp-Editor.csproj", "{322884B9-AEC7-6237-C690-0DDD7FC3D91F}"
EndProject
Global
	GlobalSection(SolutionConfigurationPlatforms) = preSolution
		Debug|Any CPU = Debug|Any CPU
		Release|Any CPU = Release|Any CPU
	EndGlobalSection
	GlobalSection(ProjectConfigurationPlatforms) = postSolution
		{DDAA0266-B2C6-499D-9281-4B4C71E52E2E}.Debug|Any CPU.ActiveCfg = Debug|Any CPU
		{DDAA0266-B2C6-499D-9281-4B4C71E52E2E}.Debug|Any CPU.Build.0 = Debug|Any CPU
		{DDAA0266-B2C6-499D-9281-4B4C71E52E2E}.Release|Any CPU.ActiveCfg = Release|Any CPU
		{DDAA0266-B2C6-499D-9281-4B4C71E52E2E}.Release|Any CPU.Build.0 = Release|Any CPU
		{FD4CCC84-62B2-8C59-DECC-60CB158557A4}.Debug|Any CPU.ActiveCfg = Debug|Any CPU
		{FD4CCC84-62B2-8C59-DECC-60CB158557A4}.Debug|Any CPU.Build.0 = Debug|Any CPU
		{FD4CCC84-62B2-8C59-DECC-60CB158557A4}.Release|Any CPU.ActiveCfg = Release|Any CPU
		{FD4CCC84-62B2-8C59-DECC-60CB158557A4}.Release|Any CPU.Build.0 = Release|Any CPU
		{055C2A15-993C-811E-723C-2873625B2122}.Debug|Any CPU.ActiveCfg = Debug|Any CPU
		{055C2A15-993C-811E-723C-2873625B2122}.Debug|Any CPU.Build.0 = Debug|Any CPU
		{055C2A15-993C-811E-723C-2873625B2122}.Release|Any CPU.ActiveCfg = Release|Any CPU
		{055C2A15-993C-811E-723C-2873625B2122}.Release|Any CPU.Build.0 = Release|Any CPU
		{B2FF8122-44E8-956F-D204-7794B7DCA910}.Debug|Any CPU.ActiveCfg = Debug|Any CPU
		{B2FF8122-44E8-956F-D204-7794B7DCA910}.Debug|Any CPU.Build.0 = Debug|Any CPU
		{B2FF8122-44E8-956F-D204-7794B7DCA910}.Release|Any CPU.ActiveCfg = Release|Any CPU
		{B2FF8122-44E8-956F-D204-7794B7DCA910}.Release|Any CPU.Build.0 = Release|Any CPU
		{992E5AB8-97EB-751A-1DD9-B6F0D4A90DBA}.Debug|Any CPU.ActiveCfg = Debug|Any CPU
		{992E5AB8-97EB-751A-1DD9-B6F0D4A90DBA}.Debug|Any CPU.Build.0 = Debug|Any CPU
		{992E5AB8-97EB-751A-1DD9-B6F0D4A90DBA}.Release|Any CPU.ActiveCfg = Release|Any CPU
		{992E5AB8-97EB-751A-1DD9-B6F0D4A90DBA}.Release|Any CPU.Build.0 = Release|Any CPU
		{611991F0-FDE6-B63B-4870-091E754A155E}.Debug|Any CPU.ActiveCfg = Debug|Any CPU
		{611991F0-FDE6-B63B-4870-091E754A155E}.Debug|Any CPU.Build.0 = Debug|Any CPU
		{611991F0-FDE6-B63B-4870-091E754A155E}.Release|Any CPU.ActiveCfg = Release|Any CPU
		{611991F0-FDE6-B63B-4870-091E754A155E}.Release|Any CPU.Build.0 = Release|Any CPU
		{8A2F3AFB-0FB6-573C-98B5-1EFC3D943FE4}.Debug|Any CPU.ActiveCfg = Debug|Any CPU
		{8A2F3AFB-0FB6-573C-98B5-1EFC3D943FE4}.Debug|Any CPU.Build.0 = Debug|Any CPU
		{8A2F3AFB-0FB6-573C-98B5-1EFC3D943FE4}.Release|Any CPU.ActiveCfg = Release|Any CPU
		{8A2F3AFB-0FB6-573C-98B5-1EFC3D943FE4}.Release|Any CPU.Build.0 = Release|Any CPU
		{44567E2E-218C-104B-180F-106D65BBAF96}.Debug|Any CPU.ActiveCfg = Debug|Any CPU
		{44567E2E-218C-104B-180F-106D65BBAF96}.Debug|Any CPU.Build.0 = Debug|Any CPU
		{44567E2E-218C-104B-180F-106D65BBAF96}.Release|Any CPU.ActiveCfg = Release|Any CPU
		{44567E2E-218C-104B-180F-106D65BBAF96}.Release|Any CPU.Build.0 = Release|Any CPU
		{C71FB95A-8EF4-C39B-0C26-0E5C6B3533D9}.Debug|Any CPU.ActiveCfg = Debug|Any CPU
		{C71FB95A-8EF4-C39B-0C26-0E5C6B3533D9}.Debug|Any CPU.Build.0 = Debug|Any CPU
		{C71FB95A-8EF4-C39B-0C26-0E5C6B3533D9}.Release|Any CPU.ActiveCfg = Release|Any CPU
		{C71FB95A-8EF4-C39B-0C26-0E5C6B3533D9}.Release|Any CPU.Build.0 = Release|Any CPU
		{322884B9-AEC7-6237-C690-0DDD7FC3D91F}.Debug|Any CPU.ActiveCfg = Debug|Any CPU
		{322884B9-AEC7-6237-C690-0DDD7FC3D91F}.Debug|Any CPU.Build.0 = Debug|Any CPU
		{322884B9-AEC7-6237-C690-0DDD7FC3D91F}.Release|Any CPU.ActiveCfg = Release|Any CPU
		{322884B9-AEC7-6237-C690-0DDD7FC3D91F}.Release|Any CPU.Build.0 = Release|Any CPU
	EndGlobalSection
	GlobalSection(SolutionProperties) = preSolution
		HideSolutionNode = FALSE
	EndGlobalSection
EndGlobal
